
Microsoft Visual Studio Solution File, Format Version 12.00
# Visual Studio Version 16
VisualStudioVersion = 16.0.30611.23
MinimumVisualStudioVersion = 10.0.40219.1
Project("{FAE04EC0-301F-11D3-BF4B-00C04F79EFBC}") = "Administrador de Encuestas", "Administrador de Encuestas.csproj", "{1589ACBA-A138-4F82-BBC1-15F1E46B83C3}"
EndProject
Global
	GlobalSection(SolutionConfigurationPlatforms) = preSolution
		Debug|Any CPU = Debug|Any CPU
		Release|Any CPU = Release|Any CPU
	EndGlobalSection
	GlobalSection(ProjectConfigurationPlatforms) = postSolution
		{1589ACBA-A138-4F82-BBC1-15F1E46B83C3}.Debug|Any CPU.ActiveCfg = Debug|Any CPU
		{1589ACBA-A138-4F82-BBC1-15F1E46B83C3}.Debug|Any CPU.Build.0 = Debug|Any CPU
		{1589ACBA-A138-4F82-BBC1-15F1E46B83C3}.Release|Any CPU.ActiveCfg = Release|Any CPU
		{1589ACBA-A138-4F82-BBC1-15F1E46B83C3}.Release|Any CPU.Build.0 = Release|Any CPU
	EndGlobalSection
	GlobalSection(SolutionProperties) = preSolution
		HideSolutionNode = FALSE
	EndGlobalSection
	GlobalSection(ExtensibilityGlobals) = postSolution
		SolutionGuid = {676457BE-1797-4F5C-8302-99927B047A3A}
	EndGlobalSection
EndGlobal
