
Microsoft Visual Studio Solution File, Format Version 12.00
# Visual Studio Version 16
VisualStudioVersion = 16.0.30611.23
MinimumVisualStudioVersion = 10.0.40219.1
Project("{FAE04EC0-301F-11D3-BF4B-00C04F79EFBC}") = "WindowsForms1", "WindowsForms1.csproj", "{0AE5A6C8-31D9-4F54-A217-8205497DCAFF}"
EndProject
Global
	GlobalSection(SolutionConfigurationPlatforms) = preSolution
		Debug|Any CPU = Debug|Any CPU
		Release|Any CPU = Release|Any CPU
	EndGlobalSection
	GlobalSection(ProjectConfigurationPlatforms) = postSolution
		{0AE5A6C8-31D9-4F54-A217-8205497DCAFF}.Debug|Any CPU.ActiveCfg = Debug|Any CPU
		{0AE5A6C8-31D9-4F54-A217-8205497DCAFF}.Debug|Any CPU.Build.0 = Debug|Any CPU
		{0AE5A6C8-31D9-4F54-A217-8205497DCAFF}.Release|Any CPU.ActiveCfg = Release|Any CPU
		{0AE5A6C8-31D9-4F54-A217-8205497DCAFF}.Release|Any CPU.Build.0 = Release|Any CPU
	EndGlobalSection
	GlobalSection(SolutionProperties) = preSolution
		HideSolutionNode = FALSE
	EndGlobalSection
	GlobalSection(ExtensibilityGlobals) = postSolution
		SolutionGuid = {44E7D5D5-CF4B-4A6B-B1AE-6BE78DDB1FD8}
	EndGlobalSection
EndGlobal
